
Microsoft Visual Studio Solution File, Format Version 12.00
Project("{FAE04EC0-301F-11D3-BF4B-00C04F79EFBC}") = "AcsRepository", "AcsRepository\AcsRepository.csproj", "{FA521509-16E9-47B0-BF7A-5020EFF34E33}"
EndProject
Project("{FAE04EC0-301F-11D3-BF4B-00C04F79EFBC}") = "Domain", "Domain\Domain.csproj", "{A1ED56D6-79A3-45F2-A1CA-BE9E1A198352}"
EndProject
Project("{FAE04EC0-301F-11D3-BF4B-00C04F79EFBC}") = "AcsStatsWeb", "AcsStatsWeb\AcsStatsWeb.csproj", "{1F46704A-2740-4965-9542-C1AB7710B699}"
EndProject
Project("{FAE04EC0-301F-11D3-BF4B-00C04F79EFBC}") = "Services", "Services\Services.csproj", "{FF72C575-CC87-4E3B-81E1-E26F4BCD2EE7}"
EndProject
Project("{FAE04EC0-301F-11D3-BF4B-00C04F79EFBC}") = "AcsTypes", "AcsTypes\AcsTypes.csproj", "{5FC7892B-27FC-4FEB-BA0D-862B9933DCAC}"
EndProject
Project("{FAE04EC0-301F-11D3-BF4B-00C04F79EFBC}") = "AcsHttpClient", "AcsHttpClient\AcsHttpClient.csproj", "{3D1A2CBD-767E-45FB-8DC2-890185944944}"
EndProject
Project("{FAE04EC0-301F-11D3-BF4B-00C04F79EFBC}") = "AcsDto", "AcsDto\AcsDto.csproj", "{216C81A2-FA06-4C8B-BD4E-F4183EC9F30E}"
EndProject
Project("{FAE04EC0-301F-11D3-BF4B-00C04F79EFBC}") = "AcsCommands", "AcsCommands\AcsCommands.csproj", "{BA8080CB-812E-4DCF-B0A7-F985899516B2}"
EndProject
Project("{FAE04EC0-301F-11D3-BF4B-00C04F79EFBC}") = "AcsStatsAngular", "AcsStatsAngular\AcsStatsAngular.csproj", "{CEE459FB-5424-4C74-BCBD-C4A43D2D6C74}"
EndProject
Global
	GlobalSection(SolutionConfigurationPlatforms) = preSolution
		Debug|Any CPU = Debug|Any CPU
		Release|Any CPU = Release|Any CPU
	EndGlobalSection
	GlobalSection(ProjectConfigurationPlatforms) = postSolution
		{FA521509-16E9-47B0-BF7A-5020EFF34E33}.Debug|Any CPU.ActiveCfg = Debug|Any CPU
		{FA521509-16E9-47B0-BF7A-5020EFF34E33}.Debug|Any CPU.Build.0 = Debug|Any CPU
		{FA521509-16E9-47B0-BF7A-5020EFF34E33}.Release|Any CPU.ActiveCfg = Release|Any CPU
		{FA521509-16E9-47B0-BF7A-5020EFF34E33}.Release|Any CPU.Build.0 = Release|Any CPU
		{A1ED56D6-79A3-45F2-A1CA-BE9E1A198352}.Debug|Any CPU.ActiveCfg = Debug|Any CPU
		{A1ED56D6-79A3-45F2-A1CA-BE9E1A198352}.Debug|Any CPU.Build.0 = Debug|Any CPU
		{A1ED56D6-79A3-45F2-A1CA-BE9E1A198352}.Release|Any CPU.ActiveCfg = Release|Any CPU
		{A1ED56D6-79A3-45F2-A1CA-BE9E1A198352}.Release|Any CPU.Build.0 = Release|Any CPU
		{1F46704A-2740-4965-9542-C1AB7710B699}.Debug|Any CPU.ActiveCfg = Debug|Any CPU
		{1F46704A-2740-4965-9542-C1AB7710B699}.Debug|Any CPU.Build.0 = Debug|Any CPU
		{1F46704A-2740-4965-9542-C1AB7710B699}.Release|Any CPU.ActiveCfg = Release|Any CPU
		{1F46704A-2740-4965-9542-C1AB7710B699}.Release|Any CPU.Build.0 = Release|Any CPU
		{FF72C575-CC87-4E3B-81E1-E26F4BCD2EE7}.Debug|Any CPU.ActiveCfg = Debug|Any CPU
		{FF72C575-CC87-4E3B-81E1-E26F4BCD2EE7}.Debug|Any CPU.Build.0 = Debug|Any CPU
		{FF72C575-CC87-4E3B-81E1-E26F4BCD2EE7}.Release|Any CPU.ActiveCfg = Release|Any CPU
		{FF72C575-CC87-4E3B-81E1-E26F4BCD2EE7}.Release|Any CPU.Build.0 = Release|Any CPU
		{5FC7892B-27FC-4FEB-BA0D-862B9933DCAC}.Debug|Any CPU.ActiveCfg = Debug|Any CPU
		{5FC7892B-27FC-4FEB-BA0D-862B9933DCAC}.Debug|Any CPU.Build.0 = Debug|Any CPU
		{5FC7892B-27FC-4FEB-BA0D-862B9933DCAC}.Release|Any CPU.ActiveCfg = Release|Any CPU
		{5FC7892B-27FC-4FEB-BA0D-862B9933DCAC}.Release|Any CPU.Build.0 = Release|Any CPU
		{3D1A2CBD-767E-45FB-8DC2-890185944944}.Debug|Any CPU.ActiveCfg = Debug|Any CPU
		{3D1A2CBD-767E-45FB-8DC2-890185944944}.Debug|Any CPU.Build.0 = Debug|Any CPU
		{3D1A2CBD-767E-45FB-8DC2-890185944944}.Release|Any CPU.ActiveCfg = Release|Any CPU
		{3D1A2CBD-767E-45FB-8DC2-890185944944}.Release|Any CPU.Build.0 = Release|Any CPU
		{216C81A2-FA06-4C8B-BD4E-F4183EC9F30E}.Debug|Any CPU.ActiveCfg = Debug|Any CPU
		{216C81A2-FA06-4C8B-BD4E-F4183EC9F30E}.Debug|Any CPU.Build.0 = Debug|Any CPU
		{216C81A2-FA06-4C8B-BD4E-F4183EC9F30E}.Release|Any CPU.ActiveCfg = Release|Any CPU
		{216C81A2-FA06-4C8B-BD4E-F4183EC9F30E}.Release|Any CPU.Build.0 = Release|Any CPU
		{BA8080CB-812E-4DCF-B0A7-F985899516B2}.Debug|Any CPU.ActiveCfg = Debug|Any CPU
		{BA8080CB-812E-4DCF-B0A7-F985899516B2}.Debug|Any CPU.Build.0 = Debug|Any CPU
		{BA8080CB-812E-4DCF-B0A7-F985899516B2}.Release|Any CPU.ActiveCfg = Release|Any CPU
		{BA8080CB-812E-4DCF-B0A7-F985899516B2}.Release|Any CPU.Build.0 = Release|Any CPU
		{CEE459FB-5424-4C74-BCBD-C4A43D2D6C74}.Debug|Any CPU.ActiveCfg = Debug|Any CPU
		{CEE459FB-5424-4C74-BCBD-C4A43D2D6C74}.Debug|Any CPU.Build.0 = Debug|Any CPU
		{CEE459FB-5424-4C74-BCBD-C4A43D2D6C74}.Release|Any CPU.ActiveCfg = Release|Any CPU
		{CEE459FB-5424-4C74-BCBD-C4A43D2D6C74}.Release|Any CPU.Build.0 = Release|Any CPU
	EndGlobalSection
EndGlobal
